langcode: en
status: true
dependencies:
  module:
    - clubstrapblocks
    - system
  theme:
    - csclubstrap
id: frontintrocontentblock
theme: csclubstrap
region: ftc
weight: 0
provider: null
plugin: frontintrocontent_block
settings:
  id: frontintrocontent_block
  label: 'Front Intro Content Block'
  provider: clubstrapblocks
  label_display: '0'
visibility:
  request_path:
    id: request_path
    pages: '<front>'
    negate: false
    context_mapping: {  }
